
Microsoft Visual Studio Solution File, Format Version 12.00
# Visual Studio 15
VisualStudioVersion = 15.0.27130.2010
MinimumVisualStudioVersion = 10.0.40219.1
Project("{FAE04EC0-301F-11D3-BF4B-00C04F79EFBC}") = "AspDotNetCore1", "AspDotNetCore1\AspDotNetCore1.csproj", "{6CDBC1C1-888A-423B-8FFA-09C798FCC52E}"
EndProject
Project("{E53339B2-1760-4266-BCC7-CA923CBCF16C}") = "docker-compose", "docker-compose.dcproj", "{F217F557-9DAF-4764-BCC2-4BCB916C5C7D}"
EndProject
Global
	GlobalSection(SolutionConfigurationPlatforms) = preSolution
		Debug|Any CPU = Debug|Any CPU
		Release|Any CPU = Release|Any CPU
	EndGlobalSection
	GlobalSection(ProjectConfigurationPlatforms) = postSolution
		{6CDBC1C1-888A-423B-8FFA-09C798FCC52E}.Debug|Any CPU.ActiveCfg = Debug|Any CPU
		{6CDBC1C1-888A-423B-8FFA-09C798FCC52E}.Debug|Any CPU.Build.0 = Debug|Any CPU
		{6CDBC1C1-888A-423B-8FFA-09C798FCC52E}.Release|Any CPU.ActiveCfg = Release|Any CPU
		{6CDBC1C1-888A-423B-8FFA-09C798FCC52E}.Release|Any CPU.Build.0 = Release|Any CPU
		{F217F557-9DAF-4764-BCC2-4BCB916C5C7D}.Debug|Any CPU.ActiveCfg = Debug|Any CPU
		{F217F557-9DAF-4764-BCC2-4BCB916C5C7D}.Debug|Any CPU.Build.0 = Debug|Any CPU
		{F217F557-9DAF-4764-BCC2-4BCB916C5C7D}.Release|Any CPU.ActiveCfg = Release|Any CPU
		{F217F557-9DAF-4764-BCC2-4BCB916C5C7D}.Release|Any CPU.Build.0 = Release|Any CPU
	EndGlobalSection
	GlobalSection(SolutionProperties) = preSolution
		HideSolutionNode = FALSE
	EndGlobalSection
	GlobalSection(ExtensibilityGlobals) = postSolution
		SolutionGuid = {945D07B4-ED69-42A9-B3CE-4288D7901FDC}
	EndGlobalSection
EndGlobal
